
Microsoft Visual Studio Solution File, Format Version 12.00
# Visual Studio Version 17
VisualStudioVersion = 17.4.33213.308
MinimumVisualStudioVersion = 10.0.40219.1
Project("{FAE04EC0-301F-11D3-BF4B-00C04F79EFBC}") = "CalculadoraTela", "CalculadoraTela\CalculadoraTela.csproj", "{E0F2AD1D-3DB0-4CBC-BC7F-F87FED94495C}"
EndProject
Global
	GlobalSection(SolutionConfigurationPlatforms) = preSolution
		Debug|Any CPU = Debug|Any CPU
		Release|Any CPU = Release|Any CPU
	EndGlobalSection
	GlobalSection(ProjectConfigurationPlatforms) = postSolution
		{E0F2AD1D-3DB0-4CBC-BC7F-F87FED94495C}.Debug|Any CPU.ActiveCfg = Debug|Any CPU
		{E0F2AD1D-3DB0-4CBC-BC7F-F87FED94495C}.Debug|Any CPU.Build.0 = Debug|Any CPU
		{E0F2AD1D-3DB0-4CBC-BC7F-F87FED94495C}.Release|Any CPU.ActiveCfg = Release|Any CPU
		{E0F2AD1D-3DB0-4CBC-BC7F-F87FED94495C}.Release|Any CPU.Build.0 = Release|Any CPU
	EndGlobalSection
	GlobalSection(SolutionProperties) = preSolution
		HideSolutionNode = FALSE
	EndGlobalSection
	GlobalSection(ExtensibilityGlobals) = postSolution
		SolutionGuid = {1BDFB9CD-803B-4BDD-AE4B-7F5F60786CAD}
	EndGlobalSection
EndGlobal
